// !$*UTF8*$!
{
	archiveVersion = 1;
	classes = {
	};
	objectVersion = 46;
	objects = {

/* Begin PBXBuildFile section */
		813629FC182AC8C1001A8E1D /* GLBuffer.h in Headers */ = {isa = PBXBuildFile; fileRef = 813629FA182AC8C1001A8E1D /* GLBuffer.h */; settings = {ATTRIBUTES = (Public, ); }; };
		813629FD182AC8C1001A8E1D /* GLBuffer.m in Sources */ = {isa = PBXBuildFile; fileRef = 813629FB182AC8C1001A8E1D /* GLBuffer.m */; };
		8157AD1417F9FB8D002A6ED6 /* Cocoa.framework in Frameworks */ = {isa = PBXBuildFile; fileRef = 8157AD1317F9FB8D002A6ED6 /* Cocoa.framework */; };
		8157AD2517F9FB8D002A6ED6 /* XCTest.framework in Frameworks */ = {isa = PBXBuildFile; fileRef = 8157AD2417F9FB8D002A6ED6 /* XCTest.framework */; };
		8157AD2617F9FB8D002A6ED6 /* Cocoa.framework in Frameworks */ = {isa = PBXBuildFile; fileRef = 8157AD1317F9FB8D002A6ED6 /* Cocoa.framework */; };
		8157AD2917F9FB8D002A6ED6 /* GLNumericalModelingKit.dylib in Frameworks */ = {isa = PBXBuildFile; fileRef = 8157AD1017F9FB8D002A6ED6 /* GLNumericalModelingKit.dylib */; };
		8157AD2F17F9FB8D002A6ED6 /* InfoPlist.strings in Resources */ = {isa = PBXBuildFile; fileRef = 8157AD2D17F9FB8D002A6ED6 /* InfoPlist.strings */; };
		8157AD3117F9FB8D002A6ED6 /* GLNumericalModelingKitTests.m in Sources */ = {isa = PBXBuildFile; fileRef = 8157AD3017F9FB8D002A6ED6 /* GLNumericalModelingKitTests.m */; };
		8157AD5B17F9FC36002A6ED6 /* GLNumericalModelingKit.h in Headers */ = {isa = PBXBuildFile; fileRef = 8157AD5017F9FC36002A6ED6 /* GLNumericalModelingKit.h */; settings = {ATTRIBUTES = (Public, ); }; };
		8157AD5C17F9FC36002A6ED6 /* GLEquation.h in Headers */ = {isa = PBXBuildFile; fileRef = 8157AD5117F9FC36002A6ED6 /* GLEquation.h */; settings = {ATTRIBUTES = (Public, ); }; };
		8157AD5D17F9FC36002A6ED6 /* GLEquation.m in Sources */ = {isa = PBXBuildFile; fileRef = 8157AD5217F9FC36002A6ED6 /* GLEquation.m */; };
		8157AD5E17F9FC36002A6ED6 /* GLDimension.h in Headers */ = {isa = PBXBuildFile; fileRef = 8157AD5317F9FC36002A6ED6 /* GLDimension.h */; settings = {ATTRIBUTES = (Public, ); }; };
		8157AD5F17F9FC36002A6ED6 /* GLDimension.m in Sources */ = {isa = PBXBuildFile; fileRef = 8157AD5417F9FC36002A6ED6 /* GLDimension.m */; };
		8157AD6017F9FC36002A6ED6 /* GLFunction.h in Headers */ = {isa = PBXBuildFile; fileRef = 8157AD5517F9FC36002A6ED6 /* GLFunction.h */; settings = {ATTRIBUTES = (Public, ); }; };
		8157AD6117F9FC36002A6ED6 /* GLFunction.m in Sources */ = {isa = PBXBuildFile; fileRef = 8157AD5617F9FC36002A6ED6 /* GLFunction.m */; };
		8157AD6217F9FC36002A6ED6 /* GLLinearTransform.h in Headers */ = {isa = PBXBuildFile; fileRef = 8157AD5717F9FC36002A6ED6 /* GLLinearTransform.h */; settings = {ATTRIBUTES = (Public, ); }; };
		8157AD6317F9FC36002A6ED6 /* GLLinearTransform.m in Sources */ = {isa = PBXBuildFile; fileRef = 8157AD5817F9FC36002A6ED6 /* GLLinearTransform.m */; };
		8157AD6417F9FC36002A6ED6 /* GLMatrixDescription.h in Headers */ = {isa = PBXBuildFile; fileRef = 8157AD5917F9FC36002A6ED6 /* GLMatrixDescription.h */; settings = {ATTRIBUTES = (Public, ); }; };
		8157AD6517F9FC36002A6ED6 /* GLMatrixDescription.m in Sources */ = {isa = PBXBuildFile; fileRef = 8157AD5A17F9FC36002A6ED6 /* GLMatrixDescription.m */; };
		8157ADC317F9FCDB002A6ED6 /* GLVariableOperations.h in Headers */ = {isa = PBXBuildFile; fileRef = 8157ADA517F9FCDA002A6ED6 /* GLVariableOperations.h */; settings = {ATTRIBUTES = (Public, ); }; };
		8157ADC417F9FCDB002A6ED6 /* GLVariableOperations.m in Sources */ = {isa = PBXBuildFile; fileRef = 8157ADA617F9FCDA002A6ED6 /* GLVariableOperations.m */; };
		8157ADC517F9FCDB002A6ED6 /* GLUnaryOperations.h in Headers */ = {isa = PBXBuildFile; fileRef = 8157ADA717F9FCDA002A6ED6 /* GLUnaryOperations.h */; };
		8157ADC617F9FCDB002A6ED6 /* GLUnaryOperations.m in Sources */ = {isa = PBXBuildFile; fileRef = 8157ADA817F9FCDA002A6ED6 /* GLUnaryOperations.m */; };
		8157ADC717F9FCDB002A6ED6 /* GLNullaryOperations.h in Headers */ = {isa = PBXBuildFile; fileRef = 8157ADA917F9FCDA002A6ED6 /* GLNullaryOperations.h */; };
		8157ADC817F9FCDB002A6ED6 /* GLNullaryOperations.m in Sources */ = {isa = PBXBuildFile; fileRef = 8157ADAA17F9FCDA002A6ED6 /* GLNullaryOperations.m */; };
		8157ADC917F9FCDB002A6ED6 /* GLVectorScalarOperations.h in Headers */ = {isa = PBXBuildFile; fileRef = 8157ADAB17F9FCDA002A6ED6 /* GLVectorScalarOperations.h */; };
		8157ADCA17F9FCDB002A6ED6 /* GLVectorScalarOperations.m in Sources */ = {isa = PBXBuildFile; fileRef = 8157ADAC17F9FCDA002A6ED6 /* GLVectorScalarOperations.m */; };
		8157ADCB17F9FCDB002A6ED6 /* GLVectorVectorOperations.h in Headers */ = {isa = PBXBuildFile; fileRef = 8157ADAD17F9FCDA002A6ED6 /* GLVectorVectorOperations.h */; };
		8157ADCC17F9FCDB002A6ED6 /* GLVectorVectorOperations.m in Sources */ = {isa = PBXBuildFile; fileRef = 8157ADAE17F9FCDA002A6ED6 /* GLVectorVectorOperations.m */; };
		8157ADCD17F9FCDB002A6ED6 /* GLBasisTransformationOperations.h in Headers */ = {isa = PBXBuildFile; fileRef = 8157ADAF17F9FCDB002A6ED6 /* GLBasisTransformationOperations.h */; settings = {ATTRIBUTES = (Public, ); }; };
		8157ADCE17F9FCDB002A6ED6 /* GLBasisTransformationOperations.m in Sources */ = {isa = PBXBuildFile; fileRef = 8157ADB017F9FCDB002A6ED6 /* GLBasisTransformationOperations.m */; };
		8157ADCF17F9FCDB002A6ED6 /* GLLinearTransformationOperations.h in Headers */ = {isa = PBXBuildFile; fileRef = 8157ADB117F9FCDB002A6ED6 /* GLLinearTransformationOperations.h */; };
		8157ADD017F9FCDB002A6ED6 /* GLLinearTransformationOperations.m in Sources */ = {isa = PBXBuildFile; fileRef = 8157ADB217F9FCDB002A6ED6 /* GLLinearTransformationOperations.m */; };
		8157ADD317F9FCDB002A6ED6 /* GLSimpleInterpolationOperations.h in Headers */ = {isa = PBXBuildFile; fileRef = 8157ADB517F9FCDB002A6ED6 /* GLSimpleInterpolationOperations.h */; settings = {ATTRIBUTES = (Public, ); }; };
		8157ADD417F9FCDB002A6ED6 /* GLSimpleInterpolationOperations.m in Sources */ = {isa = PBXBuildFile; fileRef = 8157ADB617F9FCDB002A6ED6 /* GLSimpleInterpolationOperations.m */; };
		8157ADD517F9FCDB002A6ED6 /* GLDimensionalOperations.h in Headers */ = {isa = PBXBuildFile; fileRef = 8157ADB717F9FCDB002A6ED6 /* GLDimensionalOperations.h */; };
		8157ADD617F9FCDB002A6ED6 /* GLDimensionalOperations.m in Sources */ = {isa = PBXBuildFile; fileRef = 8157ADB817F9FCDB002A6ED6 /* GLDimensionalOperations.m */; };
		8157ADD917F9FCDB002A6ED6 /* GLRungeKuttaOperation.h in Headers */ = {isa = PBXBuildFile; fileRef = 8157ADBB17F9FCDB002A6ED6 /* GLRungeKuttaOperation.h */; settings = {ATTRIBUTES = (Public, ); }; };
		8157ADDA17F9FCDB002A6ED6 /* GLRungeKuttaOperation.m in Sources */ = {isa = PBXBuildFile; fileRef = 8157ADBC17F9FCDB002A6ED6 /* GLRungeKuttaOperation.m */; };
		8157ADDB17F9FCDB002A6ED6 /* GLOperationOptimizer.h in Headers */ = {isa = PBXBuildFile; fileRef = 8157ADBD17F9FCDB002A6ED6 /* GLOperationOptimizer.h */; settings = {ATTRIBUTES = (Public, ); }; };
		8157ADDC17F9FCDB002A6ED6 /* GLOperationOptimizer.m in Sources */ = {isa = PBXBuildFile; fileRef = 8157ADBE17F9FCDB002A6ED6 /* GLOperationOptimizer.m */; };
		8157ADDD17F9FCDB002A6ED6 /* GLOperationVisualizer.h in Headers */ = {isa = PBXBuildFile; fileRef = 8157ADBF17F9FCDB002A6ED6 /* GLOperationVisualizer.h */; settings = {ATTRIBUTES = (Public, ); }; };
		8157ADDE17F9FCDB002A6ED6 /* GLOperationVisualizer.m in Sources */ = {isa = PBXBuildFile; fileRef = 8157ADC017F9FCDB002A6ED6 /* GLOperationVisualizer.m */; };
		8157ADDF17F9FCDB002A6ED6 /* GLMemoryOptimizer.h in Headers */ = {isa = PBXBuildFile; fileRef = 8157ADC117F9FCDB002A6ED6 /* GLMemoryOptimizer.h */; };
		8157ADE317F9FCE6002A6ED6 /* GLMemoryPool.h in Headers */ = {isa = PBXBuildFile; fileRef = 8157ADE117F9FCE6002A6ED6 /* GLMemoryPool.h */; };
		8157ADE417F9FCE6002A6ED6 /* GLMemoryPool.m in Sources */ = {isa = PBXBuildFile; fileRef = 8157ADE217F9FCE6002A6ED6 /* GLMemoryPool.m */; };
		8157ADEB17F9FCED002A6ED6 /* GLFourierTransformPool.h in Headers */ = {isa = PBXBuildFile; fileRef = 8157ADE517F9FCED002A6ED6 /* GLFourierTransformPool.h */; };
		8157ADEC17F9FCED002A6ED6 /* GLFourierTransformPool.m in Sources */ = {isa = PBXBuildFile; fileRef = 8157ADE617F9FCED002A6ED6 /* GLFourierTransformPool.m */; };
		8157ADED17F9FCED002A6ED6 /* GLFourierTransform.h in Headers */ = {isa = PBXBuildFile; fileRef = 8157ADE717F9FCED002A6ED6 /* GLFourierTransform.h */; };
		8157ADEE17F9FCED002A6ED6 /* GLFourierTransform.m in Sources */ = {isa = PBXBuildFile; fileRef = 8157ADE817F9FCED002A6ED6 /* GLFourierTransform.m */; };
		8157ADEF17F9FCED002A6ED6 /* GLFFTWFourierTransform.h in Headers */ = {isa = PBXBuildFile; fileRef = 8157ADE917F9FCED002A6ED6 /* GLFFTWFourierTransform.h */; };
		8157ADF017F9FCED002A6ED6 /* GLFFTWFourierTransform.m in Sources */ = {isa = PBXBuildFile; fileRef = 8157ADEA17F9FCED002A6ED6 /* GLFFTWFourierTransform.m */; };
		8157ADF617F9FD5E002A6ED6 /* GLMatrixFourierTransform.h in Headers */ = {isa = PBXBuildFile; fileRef = 8157ADF417F9FD5E002A6ED6 /* GLMatrixFourierTransform.h */; };
		8157ADFC17F9FD66002A6ED6 /* GLDSPFourierTransform.h in Headers */ = {isa = PBXBuildFile; fileRef = 8157ADF817F9FD66002A6ED6 /* GLDSPFourierTransform.h */; };
		8157ADFD17F9FD66002A6ED6 /* GLDSPFourierTransform.m in Sources */ = {isa = PBXBuildFile; fileRef = 8157ADF917F9FD66002A6ED6 /* GLDSPFourierTransform.m */; };
		8157ADFE17F9FD66002A6ED6 /* GLOpenCLFourierTransform.h in Headers */ = {isa = PBXBuildFile; fileRef = 8157ADFA17F9FD66002A6ED6 /* GLOpenCLFourierTransform.h */; };
		8157AE1417F9FDEB002A6ED6 /* GLNetCDFFile.h in Headers */ = {isa = PBXBuildFile; fileRef = 8157AE0A17F9FDEB002A6ED6 /* GLNetCDFFile.h */; settings = {ATTRIBUTES = (Public, ); }; };
		8157AE1517F9FDEB002A6ED6 /* GLNetCDFFile.m in Sources */ = {isa = PBXBuildFile; fileRef = 8157AE0B17F9FDEB002A6ED6 /* GLNetCDFFile.m */; };
		8157AE1617F9FDEB002A6ED6 /* GLNetCDFVariable.h in Headers */ = {isa = PBXBuildFile; fileRef = 8157AE0C17F9FDEB002A6ED6 /* GLNetCDFVariable.h */; settings = {ATTRIBUTES = (Public, ); }; };
		8157AE1717F9FDEB002A6ED6 /* GLNetCDFVariable.m in Sources */ = {isa = PBXBuildFile; fileRef = 8157AE0D17F9FDEB002A6ED6 /* GLNetCDFVariable.m */; };
		8157AE1817F9FDEB002A6ED6 /* GLNetCDFFetchDataOperation.h in Headers */ = {isa = PBXBuildFile; fileRef = 8157AE0E17F9FDEB002A6ED6 /* GLNetCDFFetchDataOperation.h */; };
		8157AE1917F9FDEB002A6ED6 /* GLNetCDFFetchDataOperation.m in Sources */ = {isa = PBXBuildFile; fileRef = 8157AE0F17F9FDEB002A6ED6 /* GLNetCDFFetchDataOperation.m */; };
		8157AE1A17F9FDEB002A6ED6 /* GLNetCDFConcatenationOperation.h in Headers */ = {isa = PBXBuildFile; fileRef = 8157AE1017F9FDEB002A6ED6 /* GLNetCDFConcatenationOperation.h */; };
		8157AE1B17F9FDEB002A6ED6 /* GLNetCDFConcatenationOperation.m in Sources */ = {isa = PBXBuildFile; fileRef = 8157AE1117F9FDEB002A6ED6 /* GLNetCDFConcatenationOperation.m */; };
		8157AE1C17F9FDEB002A6ED6 /* GLLowLevelNetCDF.h in Headers */ = {isa = PBXBuildFile; fileRef = 8157AE1217F9FDEB002A6ED6 /* GLLowLevelNetCDF.h */; };
		8157AE1D17F9FDEB002A6ED6 /* GLLowLevelNetCDF.m in Sources */ = {isa = PBXBuildFile; fileRef = 8157AE1317F9FDEB002A6ED6 /* GLLowLevelNetCDF.m */; };
		8157AE1F17F9FE01002A6ED6 /* Precision.h in Headers */ = {isa = PBXBuildFile; fileRef = 8157AE1E17F9FE01002A6ED6 /* Precision.h */; settings = {ATTRIBUTES = (Public, ); }; };
		8157AE2117F9FE76002A6ED6 /* Accelerate.framework in Frameworks */ = {isa = PBXBuildFile; fileRef = 8157AE2017F9FE76002A6ED6 /* Accelerate.framework */; };
		8157AE2317FA1289002A6ED6 /* fftw3.h in Headers */ = {isa = PBXBuildFile; fileRef = 8157AE2217FA1289002A6ED6 /* fftw3.h */; };
		8157AE2517FA12A2002A6ED6 /* libfftw3f.a in Frameworks */ = {isa = PBXBuildFile; fileRef = 8157AE2417FA12A2002A6ED6 /* libfftw3f.a */; };
		8157AE2B17FA12C2002A6ED6 /* libhdf5_hl.a in Frameworks */ = {isa = PBXBuildFile; fileRef = 8157AE2617FA12C2002A6ED6 /* libhdf5_hl.a */; };
		8157AE2C17FA12C2002A6ED6 /* libhdf5.a in Frameworks */ = {isa = PBXBuildFile; fileRef = 8157AE2717FA12C2002A6ED6 /* libhdf5.a */; };
		8157AE2D17FA12C2002A6ED6 /* libnetcdf.a in Frameworks */ = {isa = PBXBuildFile; fileRef = 8157AE2817FA12C2002A6ED6 /* libnetcdf.a */; };
		8157AE2E17FA12C2002A6ED6 /* libsz.a in Frameworks */ = {isa = PBXBuildFile; fileRef = 8157AE2917FA12C2002A6ED6 /* libsz.a */; };
		8157AE2F17FA12C2002A6ED6 /* libz.a in Frameworks */ = {isa = PBXBuildFile; fileRef = 8157AE2A17FA12C2002A6ED6 /* libz.a */; };
		8157AE3117FA12CE002A6ED6 /* libcurl.dylib in Frameworks */ = {isa = PBXBuildFile; fileRef = 8157AE3017FA12CE002A6ED6 /* libcurl.dylib */; };
		81CABBF818089D7C00758DF1 /* GLVariable.h in Headers */ = {isa = PBXBuildFile; fileRef = 81CABBF618089D7C00758DF1 /* GLVariable.h */; settings = {ATTRIBUTES = (Public, ); }; };
		81CABBF918089D7C00758DF1 /* GLVariable.m in Sources */ = {isa = PBXBuildFile; fileRef = 81CABBF718089D7C00758DF1 /* GLVariable.m */; };
		81CABBFC1808A11800758DF1 /* GLScalar.h in Headers */ = {isa = PBXBuildFile; fileRef = 81CABBFA1808A11800758DF1 /* GLScalar.h */; settings = {ATTRIBUTES = (Public, ); }; };
		81CABBFD1808A11800758DF1 /* GLScalar.m in Sources */ = {isa = PBXBuildFile; fileRef = 81CABBFB1808A11800758DF1 /* GLScalar.m */; };
/* End PBXBuildFile section */

/* Begin PBXContainerItemProxy section */
		8157AD2717F9FB8D002A6ED6 /* PBXContainerItemProxy */ = {
			isa = PBXContainerItemProxy;
			containerPortal = 8157AD0817F9FB8D002A6ED6 /* Project object */;
			proxyType = 1;
			remoteGlobalIDString = 8157AD0F17F9FB8D002A6ED6;
			remoteInfo = GLNumericalModelingKit;
		};
/* End PBXContainerItemProxy section */

/* Begin PBXFileReference section */
		813629FA182AC8C1001A8E1D /* GLBuffer.h */ = {isa = PBXFileReference; fileEncoding = 4; lastKnownFileType = sourcecode.c.h; path = GLBuffer.h; sourceTree = "<group>"; };
		813629FB182AC8C1001A8E1D /* GLBuffer.m */ = {isa = PBXFileReference; fileEncoding = 4; lastKnownFileType = sourcecode.c.objc; path = GLBuffer.m; sourceTree = "<group>"; };
		8157AD1017F9FB8D002A6ED6 /* GLNumericalModelingKit.dylib */ = {isa = PBXFileReference; explicitFileType = "compiled.mach-o.dylib"; includeInIndex = 0; path = GLNumericalModelingKit.dylib; sourceTree = BUILT_PRODUCTS_DIR; };
		8157AD1317F9FB8D002A6ED6 /* Cocoa.framework */ = {isa = PBXFileReference; lastKnownFileType = wrapper.framework; name = Cocoa.framework; path = System/Library/Frameworks/Cocoa.framework; sourceTree = SDKROOT; };
		8157AD1617F9FB8D002A6ED6 /* Foundation.framework */ = {isa = PBXFileReference; lastKnownFileType = wrapper.framework; name = Foundation.framework; path = System/Library/Frameworks/Foundation.framework; sourceTree = SDKROOT; };
		8157AD1717F9FB8D002A6ED6 /* CoreData.framework */ = {isa = PBXFileReference; lastKnownFileType = wrapper.framework; name = CoreData.framework; path = System/Library/Frameworks/CoreData.framework; sourceTree = SDKROOT; };
		8157AD1817F9FB8D002A6ED6 /* AppKit.framework */ = {isa = PBXFileReference; lastKnownFileType = wrapper.framework; name = AppKit.framework; path = System/Library/Frameworks/AppKit.framework; sourceTree = SDKROOT; };
		8157AD1B17F9FB8D002A6ED6 /* GLNumericalModelingKit-Prefix.pch */ = {isa = PBXFileReference; lastKnownFileType = sourcecode.c.h; path = "GLNumericalModelingKit-Prefix.pch"; sourceTree = "<group>"; };
		8157AD2317F9FB8D002A6ED6 /* GLNumericalModelingKitTests.xctest */ = {isa = PBXFileReference; explicitFileType = wrapper.cfbundle; includeInIndex = 0; path = GLNumericalModelingKitTests.xctest; sourceTree = BUILT_PRODUCTS_DIR; };
		8157AD2417F9FB8D002A6ED6 /* XCTest.framework */ = {isa = PBXFileReference; lastKnownFileType = wrapper.framework; name = XCTest.framework; path = Library/Frameworks/XCTest.framework; sourceTree = DEVELOPER_DIR; };
		8157AD2C17F9FB8D002A6ED6 /* GLNumericalModelingKitTests-Info.plist */ = {isa = PBXFileReference; lastKnownFileType = text.plist.xml; path = "GLNumericalModelingKitTests-Info.plist"; sourceTree = "<group>"; };
		8157AD2E17F9FB8D002A6ED6 /* en */ = {isa = PBXFileReference; lastKnownFileType = text.plist.strings; name = en; path = en.lproj/InfoPlist.strings; sourceTree = "<group>"; };
		8157AD3017F9FB8D002A6ED6 /* GLNumericalModelingKitTests.m */ = {isa = PBXFileReference; lastKnownFileType = sourcecode.c.objc; path = GLNumericalModelingKitTests.m; sourceTree = "<group>"; };
		8157AD5017F9FC36002A6ED6 /* GLNumericalModelingKit.h */ = {isa = PBXFileReference; fileEncoding = 4; lastKnownFileType = sourcecode.c.h; path = GLNumericalModelingKit.h; sourceTree = "<group>"; };
		8157AD5117F9FC36002A6ED6 /* GLEquation.h */ = {isa = PBXFileReference; fileEncoding = 4; lastKnownFileType = sourcecode.c.h; path = GLEquation.h; sourceTree = "<group>"; };
		8157AD5217F9FC36002A6ED6 /* GLEquation.m */ = {isa = PBXFileReference; fileEncoding = 4; lastKnownFileType = sourcecode.c.objc; path = GLEquation.m; sourceTree = "<group>"; };
		8157AD5317F9FC36002A6ED6 /* GLDimension.h */ = {isa = PBXFileReference; fileEncoding = 4; lastKnownFileType = sourcecode.c.h; path = GLDimension.h; sourceTree = "<group>"; };
		8157AD5417F9FC36002A6ED6 /* GLDimension.m */ = {isa = PBXFileReference; fileEncoding = 4; lastKnownFileType = sourcecode.c.objc; path = GLDimension.m; sourceTree = "<group>"; };
		8157AD5517F9FC36002A6ED6 /* GLFunction.h */ = {isa = PBXFileReference; fileEncoding = 4; lastKnownFileType = sourcecode.c.h; path = GLFunction.h; sourceTree = "<group>"; };
		8157AD5617F9FC36002A6ED6 /* GLFunction.m */ = {isa = PBXFileReference; fileEncoding = 4; lastKnownFileType = sourcecode.c.objc; path = GLFunction.m; sourceTree = "<group>"; };
		8157AD5717F9FC36002A6ED6 /* GLLinearTransform.h */ = {isa = PBXFileReference; fileEncoding = 4; lastKnownFileType = sourcecode.c.h; path = GLLinearTransform.h; sourceTree = "<group>"; };
		8157AD5817F9FC36002A6ED6 /* GLLinearTransform.m */ = {isa = PBXFileReference; fileEncoding = 4; lastKnownFileType = sourcecode.c.objc; path = GLLinearTransform.m; sourceTree = "<group>"; };
		8157AD5917F9FC36002A6ED6 /* GLMatrixDescription.h */ = {isa = PBXFileReference; fileEncoding = 4; lastKnownFileType = sourcecode.c.h; path = GLMatrixDescription.h; sourceTree = "<group>"; };
		8157AD5A17F9FC36002A6ED6 /* GLMatrixDescription.m */ = {isa = PBXFileReference; fileEncoding = 4; lastKnownFileType = sourcecode.c.objc; path = GLMatrixDescription.m; sourceTree = "<group>"; };
		8157ADA517F9FCDA002A6ED6 /* GLVariableOperations.h */ = {isa = PBXFileReference; fileEncoding = 4; lastKnownFileType = sourcecode.c.h; path = GLVariableOperations.h; sourceTree = "<group>"; };
		8157ADA617F9FCDA002A6ED6 /* GLVariableOperations.m */ = {isa = PBXFileReference; fileEncoding = 4; lastKnownFileType = sourcecode.c.objc; path = GLVariableOperations.m; sourceTree = "<group>"; };
		8157ADA717F9FCDA002A6ED6 /* GLUnaryOperations.h */ = {isa = PBXFileReference; fileEncoding = 4; lastKnownFileType = sourcecode.c.h; path = GLUnaryOperations.h; sourceTree = "<group>"; };
		8157ADA817F9FCDA002A6ED6 /* GLUnaryOperations.m */ = {isa = PBXFileReference; fileEncoding = 4; lastKnownFileType = sourcecode.c.objc; path = GLUnaryOperations.m; sourceTree = "<group>"; };
		8157ADA917F9FCDA002A6ED6 /* GLNullaryOperations.h */ = {isa = PBXFileReference; fileEncoding = 4; lastKnownFileType = sourcecode.c.h; path = GLNullaryOperations.h; sourceTree = "<group>"; };
		8157ADAA17F9FCDA002A6ED6 /* GLNullaryOperations.m */ = {isa = PBXFileReference; fileEncoding = 4; lastKnownFileType = sourcecode.c.objc; path = GLNullaryOperations.m; sourceTree = "<group>"; };
		8157ADAB17F9FCDA002A6ED6 /* GLVectorScalarOperations.h */ = {isa = PBXFileReference; fileEncoding = 4; lastKnownFileType = sourcecode.c.h; path = GLVectorScalarOperations.h; sourceTree = "<group>"; };
		8157ADAC17F9FCDA002A6ED6 /* GLVectorScalarOperations.m */ = {isa = PBXFileReference; fileEncoding = 4; lastKnownFileType = sourcecode.c.objc; path = GLVectorScalarOperations.m; sourceTree = "<group>"; };
		8157ADAD17F9FCDA002A6ED6 /* GLVectorVectorOperations.h */ = {isa = PBXFileReference; fileEncoding = 4; lastKnownFileType = sourcecode.c.h; path = GLVectorVectorOperations.h; sourceTree = "<group>"; };
		8157ADAE17F9FCDA002A6ED6 /* GLVectorVectorOperations.m */ = {isa = PBXFileReference; fileEncoding = 4; lastKnownFileType = sourcecode.c.objc; path = GLVectorVectorOperations.m; sourceTree = "<group>"; };
		8157ADAF17F9FCDB002A6ED6 /* GLBasisTransformationOperations.h */ = {isa = PBXFileReference; fileEncoding = 4; lastKnownFileType = sourcecode.c.h; path = GLBasisTransformationOperations.h; sourceTree = "<group>"; };
		8157ADB017F9FCDB002A6ED6 /* GLBasisTransformationOperations.m */ = {isa = PBXFileReference; fileEncoding = 4; lastKnownFileType = sourcecode.c.objc; path = GLBasisTransformationOperations.m; sourceTree = "<group>"; };
		8157ADB117F9FCDB002A6ED6 /* GLLinearTransformationOperations.h */ = {isa = PBXFileReference; fileEncoding = 4; lastKnownFileType = sourcecode.c.h; path = GLLinearTransformationOperations.h; sourceTree = "<group>"; };
		8157ADB217F9FCDB002A6ED6 /* GLLinearTransformationOperations.m */ = {isa = PBXFileReference; fileEncoding = 4; lastKnownFileType = sourcecode.c.objc; path = GLLinearTransformationOperations.m; sourceTree = "<group>"; };
		8157ADB517F9FCDB002A6ED6 /* GLSimpleInterpolationOperations.h */ = {isa = PBXFileReference; fileEncoding = 4; lastKnownFileType = sourcecode.c.h; path = GLSimpleInterpolationOperations.h; sourceTree = "<group>"; };
		8157ADB617F9FCDB002A6ED6 /* GLSimpleInterpolationOperations.m */ = {isa = PBXFileReference; fileEncoding = 4; lastKnownFileType = sourcecode.c.objc; path = GLSimpleInterpolationOperations.m; sourceTree = "<group>"; };
		8157ADB717F9FCDB002A6ED6 /* GLDimensionalOperations.h */ = {isa = PBXFileReference; fileEncoding = 4; lastKnownFileType = sourcecode.c.h; path = GLDimensionalOperations.h; sourceTree = "<group>"; };
		8157ADB817F9FCDB002A6ED6 /* GLDimensionalOperations.m */ = {isa = PBXFileReference; fileEncoding = 4; lastKnownFileType = sourcecode.c.objc; path = GLDimensionalOperations.m; sourceTree = "<group>"; };
		8157ADBB17F9FCDB002A6ED6 /* GLRungeKuttaOperation.h */ = {isa = PBXFileReference; fileEncoding = 4; lastKnownFileType = sourcecode.c.h; path = GLRungeKuttaOperation.h; sourceTree = "<group>"; };
		8157ADBC17F9FCDB002A6ED6 /* GLRungeKuttaOperation.m */ = {isa = PBXFileReference; fileEncoding = 4; lastKnownFileType = sourcecode.c.objc; path = GLRungeKuttaOperation.m; sourceTree = "<group>"; };
		8157ADBD17F9FCDB002A6ED6 /* GLOperationOptimizer.h */ = {isa = PBXFileReference; fileEncoding = 4; lastKnownFileType = sourcecode.c.h; path = GLOperationOptimizer.h; sourceTree = "<group>"; };
		8157ADBE17F9FCDB002A6ED6 /* GLOperationOptimizer.m */ = {isa = PBXFileReference; fileEncoding = 4; lastKnownFileType = sourcecode.c.objc; path = GLOperationOptimizer.m; sourceTree = "<group>"; };
		8157ADBF17F9FCDB002A6ED6 /* GLOperationVisualizer.h */ = {isa = PBXFileReference; fileEncoding = 4; lastKnownFileType = sourcecode.c.h; path = GLOperationVisualizer.h; sourceTree = "<group>"; };
		8157ADC017F9FCDB002A6ED6 /* GLOperationVisualizer.m */ = {isa = PBXFileReference; fileEncoding = 4; lastKnownFileType = sourcecode.c.objc; path = GLOperationVisualizer.m; sourceTree = "<group>"; };
		8157ADC117F9FCDB002A6ED6 /* GLMemoryOptimizer.h */ = {isa = PBXFileReference; fileEncoding = 4; lastKnownFileType = sourcecode.c.h; path = GLMemoryOptimizer.h; sourceTree = "<group>"; };
		8157ADC217F9FCDB002A6ED6 /* GLMemoryOptimizer.m */ = {isa = PBXFileReference; fileEncoding = 4; lastKnownFileType = sourcecode.c.objc; path = GLMemoryOptimizer.m; sourceTree = "<group>"; };
		8157ADE117F9FCE6002A6ED6 /* GLMemoryPool.h */ = {isa = PBXFileReference; fileEncoding = 4; lastKnownFileType = sourcecode.c.h; path = GLMemoryPool.h; sourceTree = "<group>"; };
		8157ADE217F9FCE6002A6ED6 /* GLMemoryPool.m */ = {isa = PBXFileReference; fileEncoding = 4; lastKnownFileType = sourcecode.c.objc; path = GLMemoryPool.m; sourceTree = "<group>"; };
		8157ADE517F9FCED002A6ED6 /* GLFourierTransformPool.h */ = {isa = PBXFileReference; fileEncoding = 4; lastKnownFileType = sourcecode.c.h; path = GLFourierTransformPool.h; sourceTree = "<group>"; };
		8157ADE617F9FCED002A6ED6 /* GLFourierTransformPool.m */ = {isa = PBXFileReference; fileEncoding = 4; lastKnownFileType = sourcecode.c.objc; path = GLFourierTransformPool.m; sourceTree = "<group>"; };
		8157ADE717F9FCED002A6ED6 /* GLFourierTransform.h */ = {isa = PBXFileReference; fileEncoding = 4; lastKnownFileType = sourcecode.c.h; path = GLFourierTransform.h; sourceTree = "<group>"; };
		8157ADE817F9FCED002A6ED6 /* GLFourierTransform.m */ = {isa = PBXFileReference; fileEncoding = 4; lastKnownFileType = sourcecode.c.objc; path = GLFourierTransform.m; sourceTree = "<group>"; };
		8157ADE917F9FCED002A6ED6 /* GLFFTWFourierTransform.h */ = {isa = PBXFileReference; fileEncoding = 4; lastKnownFileType = sourcecode.c.h; path = GLFFTWFourierTransform.h; sourceTree = "<group>"; };
		8157ADEA17F9FCED002A6ED6 /* GLFFTWFourierTransform.m */ = {isa = PBXFileReference; fileEncoding = 4; lastKnownFileType = sourcecode.c.objc; path = GLFFTWFourierTransform.m; sourceTree = "<group>"; };
		8157ADF417F9FD5E002A6ED6 /* GLMatrixFourierTransform.h */ = {isa = PBXFileReference; fileEncoding = 4; lastKnownFileType = sourcecode.c.h; path = GLMatrixFourierTransform.h; sourceTree = "<group>"; };
		8157ADF517F9FD5E002A6ED6 /* GLMatrixFourierTransform.m */ = {isa = PBXFileReference; fileEncoding = 4; lastKnownFileType = sourcecode.c.objc; path = GLMatrixFourierTransform.m; sourceTree = "<group>"; };
		8157ADF817F9FD66002A6ED6 /* GLDSPFourierTransform.h */ = {isa = PBXFileReference; fileEncoding = 4; lastKnownFileType = sourcecode.c.h; path = GLDSPFourierTransform.h; sourceTree = "<group>"; };
		8157ADF917F9FD66002A6ED6 /* GLDSPFourierTransform.m */ = {isa = PBXFileReference; fileEncoding = 4; lastKnownFileType = sourcecode.c.objc; path = GLDSPFourierTransform.m; sourceTree = "<group>"; };
		8157ADFA17F9FD66002A6ED6 /* GLOpenCLFourierTransform.h */ = {isa = PBXFileReference; fileEncoding = 4; lastKnownFileType = sourcecode.c.h; path = GLOpenCLFourierTransform.h; sourceTree = "<group>"; };
		8157ADFB17F9FD66002A6ED6 /* GLOpenCLFourierTransform.m */ = {isa = PBXFileReference; fileEncoding = 4; lastKnownFileType = sourcecode.c.objc; path = GLOpenCLFourierTransform.m; sourceTree = "<group>"; };
		8157AE0A17F9FDEB002A6ED6 /* GLNetCDFFile.h */ = {isa = PBXFileReference; fileEncoding = 4; lastKnownFileType = sourcecode.c.h; path = GLNetCDFFile.h; sourceTree = "<group>"; };
		8157AE0B17F9FDEB002A6ED6 /* GLNetCDFFile.m */ = {isa = PBXFileReference; fileEncoding = 4; lastKnownFileType = sourcecode.c.objc; path = GLNetCDFFile.m; sourceTree = "<group>"; };
		8157AE0C17F9FDEB002A6ED6 /* GLNetCDFVariable.h */ = {isa = PBXFileReference; fileEncoding = 4; lastKnownFileType = sourcecode.c.h; path = GLNetCDFVariable.h; sourceTree = "<group>"; };
		8157AE0D17F9FDEB002A6ED6 /* GLNetCDFVariable.m */ = {isa = PBXFileReference; fileEncoding = 4; lastKnownFileType = sourcecode.c.objc; path = GLNetCDFVariable.m; sourceTree = "<group>"; };
		8157AE0E17F9FDEB002A6ED6 /* GLNetCDFFetchDataOperation.h */ = {isa = PBXFileReference; fileEncoding = 4; lastKnownFileType = sourcecode.c.h; path = GLNetCDFFetchDataOperation.h; sourceTree = "<group>"; };
		8157AE0F17F9FDEB002A6ED6 /* GLNetCDFFetchDataOperation.m */ = {isa = PBXFileReference; fileEncoding = 4; lastKnownFileType = sourcecode.c.objc; path = GLNetCDFFetchDataOperation.m; sourceTree = "<group>"; };
		8157AE1017F9FDEB002A6ED6 /* GLNetCDFConcatenationOperation.h */ = {isa = PBXFileReference; fileEncoding = 4; lastKnownFileType = sourcecode.c.h; path = GLNetCDFConcatenationOperation.h; sourceTree = "<group>"; };
		8157AE1117F9FDEB002A6ED6 /* GLNetCDFConcatenationOperation.m */ = {isa = PBXFileReference; fileEncoding = 4; lastKnownFileType = sourcecode.c.objc; path = GLNetCDFConcatenationOperation.m; sourceTree = "<group>"; };
		8157AE1217F9FDEB002A6ED6 /* GLLowLevelNetCDF.h */ = {isa = PBXFileReference; fileEncoding = 4; lastKnownFileType = sourcecode.c.h; path = GLLowLevelNetCDF.h; sourceTree = "<group>"; };
		8157AE1317F9FDEB002A6ED6 /* GLLowLevelNetCDF.m */ = {isa = PBXFileReference; fileEncoding = 4; lastKnownFileType = sourcecode.c.objc; path = GLLowLevelNetCDF.m; sourceTree = "<group>"; };
		8157AE1E17F9FE01002A6ED6 /* Precision.h */ = {isa = PBXFileReference; fileEncoding = 4; lastKnownFileType = sourcecode.c.h; path = Precision.h; sourceTree = "<group>"; };
		8157AE2017F9FE76002A6ED6 /* Accelerate.framework */ = {isa = PBXFileReference; lastKnownFileType = wrapper.framework; name = Accelerate.framework; path = System/Library/Frameworks/Accelerate.framework; sourceTree = SDKROOT; };
		8157AE2217FA1289002A6ED6 /* fftw3.h */ = {isa = PBXFileReference; fileEncoding = 4; lastKnownFileType = sourcecode.c.h; name = fftw3.h; path = ExternalLibraries/fftw/fftw3.h; sourceTree = SOURCE_ROOT; };
		8157AE2417FA12A2002A6ED6 /* libfftw3f.a */ = {isa = PBXFileReference; lastKnownFileType = archive.ar; name = libfftw3f.a; path = "ExternalLibraries/fftw/single-precision/libfftw3f.a"; sourceTree = SOURCE_ROOT; };
		8157AE2617FA12C2002A6ED6 /* libhdf5_hl.a */ = {isa = PBXFileReference; lastKnownFileType = archive.ar; name = libhdf5_hl.a; path = ExternalLibraries/libhdf5_hl.a; sourceTree = "<group>"; };
		8157AE2717FA12C2002A6ED6 /* libhdf5.a */ = {isa = PBXFileReference; lastKnownFileType = archive.ar; name = libhdf5.a; path = ExternalLibraries/libhdf5.a; sourceTree = "<group>"; };
		8157AE2817FA12C2002A6ED6 /* libnetcdf.a */ = {isa = PBXFileReference; lastKnownFileType = archive.ar; name = libnetcdf.a; path = ExternalLibraries/libnetcdf.a; sourceTree = "<group>"; };
		8157AE2917FA12C2002A6ED6 /* libsz.a */ = {isa = PBXFileReference; lastKnownFileType = archive.ar; name = libsz.a; path = ExternalLibraries/libsz.a; sourceTree = "<group>"; };
		8157AE2A17FA12C2002A6ED6 /* libz.a */ = {isa = PBXFileReference; lastKnownFileType = archive.ar; name = libz.a; path = ExternalLibraries/libz.a; sourceTree = "<group>"; };
		8157AE3017FA12CE002A6ED6 /* libcurl.dylib */ = {isa = PBXFileReference; lastKnownFileType = "compiled.mach-o.dylib"; name = libcurl.dylib; path = ../../../../../usr/lib/libcurl.dylib; sourceTree = "<group>"; };
		81CABBF618089D7C00758DF1 /* GLVariable.h */ = {isa = PBXFileReference; fileEncoding = 4; lastKnownFileType = sourcecode.c.h; path = GLVariable.h; sourceTree = "<group>"; };
		81CABBF718089D7C00758DF1 /* GLVariable.m */ = {isa = PBXFileReference; fileEncoding = 4; lastKnownFileType = sourcecode.c.objc; path = GLVariable.m; sourceTree = "<group>"; };
		81CABBFA1808A11800758DF1 /* GLScalar.h */ = {isa = PBXFileReference; fileEncoding = 4; lastKnownFileType = sourcecode.c.h; path = GLScalar.h; sourceTree = "<group>"; };
		81CABBFB1808A11800758DF1 /* GLScalar.m */ = {isa = PBXFileReference; fileEncoding = 4; lastKnownFileType = sourcecode.c.objc; path = GLScalar.m; sourceTree = "<group>"; };
		81CCB0CC18049EB90064471F /* Optimizer.tex */ = {isa = PBXFileReference; lastKnownFileType = text; name = Optimizer.tex; path = Documentation/Optimizer.tex; sourceTree = "<group>"; };
		81CCB0CD18049EB90064471F /* Transforms.tex */ = {isa = PBXFileReference; lastKnownFileType = text; name = Transforms.tex; path = Documentation/Transforms.tex; sourceTree = "<group>"; };
		81CCB0CE18049EC60064471F /* NewModel.markdown */ = {isa = PBXFileReference; lastKnownFileType = text; name = NewModel.markdown; path = Documentation/NewModel.markdown; sourceTree = "<group>"; };
/* End PBXFileReference section */

/* Begin PBXFrameworksBuildPhase section */
		8157AD0D17F9FB8D002A6ED6 /* Frameworks */ = {
			isa = PBXFrameworksBuildPhase;
			buildActionMask = 2147483647;
			files = (
				8157AD1417F9FB8D002A6ED6 /* Cocoa.framework in Frameworks */,
				8157AE2117F9FE76002A6ED6 /* Accelerate.framework in Frameworks */,
				8157AE2517FA12A2002A6ED6 /* libfftw3f.a in Frameworks */,
				8157AE2B17FA12C2002A6ED6 /* libhdf5_hl.a in Frameworks */,
				8157AE2C17FA12C2002A6ED6 /* libhdf5.a in Frameworks */,
				8157AE2D17FA12C2002A6ED6 /* libnetcdf.a in Frameworks */,
				8157AE2E17FA12C2002A6ED6 /* libsz.a in Frameworks */,
				8157AE2F17FA12C2002A6ED6 /* libz.a in Frameworks */,
				8157AE3117FA12CE002A6ED6 /* libcurl.dylib in Frameworks */,
			);
			runOnlyForDeploymentPostprocessing = 0;
		};
		8157AD2017F9FB8D002A6ED6 /* Frameworks */ = {
			isa = PBXFrameworksBuildPhase;
			buildActionMask = 2147483647;
			files = (
				8157AD2617F9FB8D002A6ED6 /* Cocoa.framework in Frameworks */,
				8157AD2517F9FB8D002A6ED6 /* XCTest.framework in Frameworks */,
				8157AD2917F9FB8D002A6ED6 /* GLNumericalModelingKit.dylib in Frameworks */,
			);
			runOnlyForDeploymentPostprocessing = 0;
		};
/* End PBXFrameworksBuildPhase section */

/* Begin PBXGroup section */
		8157AD0717F9FB8D002A6ED6 = {
			isa = PBXGroup;
			children = (
				8157AD1917F9FB8D002A6ED6 /* GLNumericalModelingKit */,
				8157AD2A17F9FB8D002A6ED6 /* GLNumericalModelingKitTests */,
				8157AD1217F9FB8D002A6ED6 /* Frameworks */,
				8157AD1117F9FB8D002A6ED6 /* Products */,
				81CCB0CB18049E9B0064471F /* Documentation */,
			);
			sourceTree = "<group>";
		};
		8157AD1117F9FB8D002A6ED6 /* Products */ = {
			isa = PBXGroup;
			children = (
				8157AD1017F9FB8D002A6ED6 /* GLNumericalModelingKit.dylib */,
				8157AD2317F9FB8D002A6ED6 /* GLNumericalModelingKitTests.xctest */,
			);
			name = Products;
			sourceTree = "<group>";
		};
		8157AD1217F9FB8D002A6ED6 /* Frameworks */ = {
			isa = PBXGroup;
			children = (
				8157AE3017FA12CE002A6ED6 /* libcurl.dylib */,
				8157AE2617FA12C2002A6ED6 /* libhdf5_hl.a */,
				8157AE2717FA12C2002A6ED6 /* libhdf5.a */,
				8157AE2817FA12C2002A6ED6 /* libnetcdf.a */,
				8157AE2917FA12C2002A6ED6 /* libsz.a */,
				8157AE2A17FA12C2002A6ED6 /* libz.a */,
				8157AE2017F9FE76002A6ED6 /* Accelerate.framework */,
				8157AD1317F9FB8D002A6ED6 /* Cocoa.framework */,
				8157AD2417F9FB8D002A6ED6 /* XCTest.framework */,
				8157AD1517F9FB8D002A6ED6 /* Other Frameworks */,
			);
			name = Frameworks;
			sourceTree = "<group>";
		};
		8157AD1517F9FB8D002A6ED6 /* Other Frameworks */ = {
			isa = PBXGroup;
			children = (
				8157AD1617F9FB8D002A6ED6 /* Foundation.framework */,
				8157AD1717F9FB8D002A6ED6 /* CoreData.framework */,
				8157AD1817F9FB8D002A6ED6 /* AppKit.framework */,
			);
			name = "Other Frameworks";
			sourceTree = "<group>";
		};
		8157AD1917F9FB8D002A6ED6 /* GLNumericalModelingKit */ = {
			isa = PBXGroup;
			children = (
				8157AD5017F9FC36002A6ED6 /* GLNumericalModelingKit.h */,
				8157AE1E17F9FE01002A6ED6 /* Precision.h */,
				8157AD5117F9FC36002A6ED6 /* GLEquation.h */,
				8157AD5217F9FC36002A6ED6 /* GLEquation.m */,
				8157AD5317F9FC36002A6ED6 /* GLDimension.h */,
				8157AD5417F9FC36002A6ED6 /* GLDimension.m */,
				81CABBF618089D7C00758DF1 /* GLVariable.h */,
				81CABBF718089D7C00758DF1 /* GLVariable.m */,
				81CABBFA1808A11800758DF1 /* GLScalar.h */,
				81CABBFB1808A11800758DF1 /* GLScalar.m */,
				8157AD5517F9FC36002A6ED6 /* GLFunction.h */,
				8157AD5617F9FC36002A6ED6 /* GLFunction.m */,
				8157AD5717F9FC36002A6ED6 /* GLLinearTransform.h */,
				8157AD5817F9FC36002A6ED6 /* GLLinearTransform.m */,
				813629FA182AC8C1001A8E1D /* GLBuffer.h */,
				813629FB182AC8C1001A8E1D /* GLBuffer.m */,
				8157AD5917F9FC36002A6ED6 /* GLMatrixDescription.h */,
				8157AD5A17F9FC36002A6ED6 /* GLMatrixDescription.m */,
				8157AD6617F9FC86002A6ED6 /* Primitives */,
				8157AE0917F9FDDB002A6ED6 /* NetCDF */,
				8157AD1A17F9FB8D002A6ED6 /* Supporting Files */,
			);
			path = GLNumericalModelingKit;
			sourceTree = "<group>";
		};
		8157AD1A17F9FB8D002A6ED6 /* Supporting Files */ = {
			isa = PBXGroup;
			children = (
				8157AD1B17F9FB8D002A6ED6 /* GLNumericalModelingKit-Prefix.pch */,
			);
			name = "Supporting Files";
			sourceTree = "<group>";
		};
		8157AD2A17F9FB8D002A6ED6 /* GLNumericalModelingKitTests */ = {
			isa = PBXGroup;
			children = (
				8157AD3017F9FB8D002A6ED6 /* GLNumericalModelingKitTests.m */,
				8157AD2B17F9FB8D002A6ED6 /* Supporting Files */,
			);
			path = GLNumericalModelingKitTests;
			sourceTree = "<group>";
		};
		8157AD2B17F9FB8D002A6ED6 /* Supporting Files */ = {
			isa = PBXGroup;
			children = (
				8157AD2C17F9FB8D002A6ED6 /* GLNumericalModelingKitTests-Info.plist */,
				8157AD2D17F9FB8D002A6ED6 /* InfoPlist.strings */,
			);
			name = "Supporting Files";
			sourceTree = "<group>";
		};
		8157AD6617F9FC86002A6ED6 /* Primitives */ = {
			isa = PBXGroup;
			children = (
				8157AD6717F9FC8D002A6ED6 /* Variable Operations */,
				8157ADE117F9FCE6002A6ED6 /* GLMemoryPool.h */,
				8157ADE217F9FCE6002A6ED6 /* GLMemoryPool.m */,
				8157AD6817F9FC96002A6ED6 /* Fourier Transforms */,
			);
			name = Primitives;
			sourceTree = "<group>";
		};
		8157AD6717F9FC8D002A6ED6 /* Variable Operations */ = {
			isa = PBXGroup;
			children = (
				8157ADA517F9FCDA002A6ED6 /* GLVariableOperations.h */,
				8157ADA617F9FCDA002A6ED6 /* GLVariableOperations.m */,
				8157ADA917F9FCDA002A6ED6 /* GLNullaryOperations.h */,
				8157ADAA17F9FCDA002A6ED6 /* GLNullaryOperations.m */,
				8157ADA717F9FCDA002A6ED6 /* GLUnaryOperations.h */,
				8157ADA817F9FCDA002A6ED6 /* GLUnaryOperations.m */,
				8157ADAB17F9FCDA002A6ED6 /* GLVectorScalarOperations.h */,
				8157ADAC17F9FCDA002A6ED6 /* GLVectorScalarOperations.m */,
				8157ADAD17F9FCDA002A6ED6 /* GLVectorVectorOperations.h */,
				8157ADAE17F9FCDA002A6ED6 /* GLVectorVectorOperations.m */,
				8157ADAF17F9FCDB002A6ED6 /* GLBasisTransformationOperations.h */,
				8157ADB017F9FCDB002A6ED6 /* GLBasisTransformationOperations.m */,
				8157ADB117F9FCDB002A6ED6 /* GLLinearTransformationOperations.h */,
				8157ADB217F9FCDB002A6ED6 /* GLLinearTransformationOperations.m */,
				8157ADB517F9FCDB002A6ED6 /* GLSimpleInterpolationOperations.h */,
				8157ADB617F9FCDB002A6ED6 /* GLSimpleInterpolationOperations.m */,
				8157ADB717F9FCDB002A6ED6 /* GLDimensionalOperations.h */,
				8157ADB817F9FCDB002A6ED6 /* GLDimensionalOperations.m */,
				8157ADBB17F9FCDB002A6ED6 /* GLRungeKuttaOperation.h */,
				8157ADBC17F9FCDB002A6ED6 /* GLRungeKuttaOperation.m */,
				8157ADBD17F9FCDB002A6ED6 /* GLOperationOptimizer.h */,
				8157ADBE17F9FCDB002A6ED6 /* GLOperationOptimizer.m */,
				8157ADBF17F9FCDB002A6ED6 /* GLOperationVisualizer.h */,
				8157ADC017F9FCDB002A6ED6 /* GLOperationVisualizer.m */,
				8157ADC117F9FCDB002A6ED6 /* GLMemoryOptimizer.h */,
				8157ADC217F9FCDB002A6ED6 /* GLMemoryOptimizer.m */,
			);
			name = "Variable Operations";
			sourceTree = "<group>";
		};
		8157AD6817F9FC96002A6ED6 /* Fourier Transforms */ = {
			isa = PBXGroup;
			children = (
				8157ADE517F9FCED002A6ED6 /* GLFourierTransformPool.h */,
				8157ADE617F9FCED002A6ED6 /* GLFourierTransformPool.m */,
				8157ADE717F9FCED002A6ED6 /* GLFourierTransform.h */,
				8157ADE817F9FCED002A6ED6 /* GLFourierTransform.m */,
				8157ADE917F9FCED002A6ED6 /* GLFFTWFourierTransform.h */,
				8157ADEA17F9FCED002A6ED6 /* GLFFTWFourierTransform.m */,
				8157ADF117F9FD08002A6ED6 /* FFTW */,
				8157ADF417F9FD5E002A6ED6 /* GLMatrixFourierTransform.h */,
				8157ADF517F9FD5E002A6ED6 /* GLMatrixFourierTransform.m */,
				8157ADF217F9FD12002A6ED6 /* libMatrixFFT */,
				8157ADF817F9FD66002A6ED6 /* GLDSPFourierTransform.h */,
				8157ADF917F9FD66002A6ED6 /* GLDSPFourierTransform.m */,
				8157ADFA17F9FD66002A6ED6 /* GLOpenCLFourierTransform.h */,
				8157ADFB17F9FD66002A6ED6 /* GLOpenCLFourierTransform.m */,
				8157ADF317F9FD1C002A6ED6 /* OpenCL FFT */,
			);
			name = "Fourier Transforms";
			sourceTree = "<group>";
		};
		8157ADF117F9FD08002A6ED6 /* FFTW */ = {
			isa = PBXGroup;
			children = (
				8157AE2217FA1289002A6ED6 /* fftw3.h */,
				8157AE2417FA12A2002A6ED6 /* libfftw3f.a */,
			);
			name = FFTW;
			sourceTree = "<group>";
		};
		8157ADF217F9FD12002A6ED6 /* libMatrixFFT */ = {
			isa = PBXGroup;
			children = (
			);
			name = libMatrixFFT;
			sourceTree = "<group>";
		};
		8157ADF317F9FD1C002A6ED6 /* OpenCL FFT */ = {
			isa = PBXGroup;
			children = (
			);
			name = "OpenCL FFT";
			sourceTree = "<group>";
		};
		8157AE0917F9FDDB002A6ED6 /* NetCDF */ = {
			isa = PBXGroup;
			children = (
				8157AE0A17F9FDEB002A6ED6 /* GLNetCDFFile.h */,
				8157AE0B17F9FDEB002A6ED6 /* GLNetCDFFile.m */,
				8157AE0C17F9FDEB002A6ED6 /* GLNetCDFVariable.h */,
				8157AE0D17F9FDEB002A6ED6 /* GLNetCDFVariable.m */,
				8157AE0E17F9FDEB002A6ED6 /* GLNetCDFFetchDataOperation.h */,
				8157AE0F17F9FDEB002A6ED6 /* GLNetCDFFetchDataOperation.m */,
				8157AE1017F9FDEB002A6ED6 /* GLNetCDFConcatenationOperation.h */,
				8157AE1117F9FDEB002A6ED6 /* GLNetCDFConcatenationOperation.m */,
				8157AE1217F9FDEB002A6ED6 /* GLLowLevelNetCDF.h */,
				8157AE1317F9FDEB002A6ED6 /* GLLowLevelNetCDF.m */,
			);
			name = NetCDF;
			sourceTree = "<group>";
		};
		81CCB0CB18049E9B0064471F /* Documentation */ = {
			isa = PBXGroup;
			children = (
				81CCB0CC18049EB90064471F /* Optimizer.tex */,
				81CCB0CD18049EB90064471F /* Transforms.tex */,
				81CCB0CE18049EC60064471F /* NewModel.markdown */,
			);
			name = Documentation;
			sourceTree = "<group>";
		};
/* End PBXGroup section */

/* Begin PBXHeadersBuildPhase section */
		8157AD0E17F9FB8D002A6ED6 /* Headers */ = {
			isa = PBXHeadersBuildPhase;
			buildActionMask = 2147483647;
			files = (
				8157AD5B17F9FC36002A6ED6 /* GLNumericalModelingKit.h in Headers */,
				8157AD6217F9FC36002A6ED6 /* GLLinearTransform.h in Headers */,
				8157ADDD17F9FCDB002A6ED6 /* GLOperationVisualizer.h in Headers */,
				8157ADD317F9FCDB002A6ED6 /* GLSimpleInterpolationOperations.h in Headers */,
				8157AD5E17F9FC36002A6ED6 /* GLDimension.h in Headers */,
				8157AD6417F9FC36002A6ED6 /* GLMatrixDescription.h in Headers */,
				8157AE1F17F9FE01002A6ED6 /* Precision.h in Headers */,
				8157AE1417F9FDEB002A6ED6 /* GLNetCDFFile.h in Headers */,
				8157AD6017F9FC36002A6ED6 /* GLFunction.h in Headers */,
				8157ADC317F9FCDB002A6ED6 /* GLVariableOperations.h in Headers */,
				8157ADD917F9FCDB002A6ED6 /* GLRungeKuttaOperation.h in Headers */,
				8157AD5C17F9FC36002A6ED6 /* GLEquation.h in Headers */,
				8157AE1617F9FDEB002A6ED6 /* GLNetCDFVariable.h in Headers */,
				8157ADCD17F9FCDB002A6ED6 /* GLBasisTransformationOperations.h in Headers */,
				8157ADDB17F9FCDB002A6ED6 /* GLOperationOptimizer.h in Headers */,
				81CABBFC1808A11800758DF1 /* GLScalar.h in Headers */,
				81CABBF818089D7C00758DF1 /* GLVariable.h in Headers */,
				813629FC182AC8C1001A8E1D /* GLBuffer.h in Headers */,
				8157ADCB17F9FCDB002A6ED6 /* GLVectorVectorOperations.h in Headers */,
				8157AE1C17F9FDEB002A6ED6 /* GLLowLevelNetCDF.h in Headers */,
				8157AE1817F9FDEB002A6ED6 /* GLNetCDFFetchDataOperation.h in Headers */,
				8157ADC917F9FCDB002A6ED6 /* GLVectorScalarOperations.h in Headers */,
				8157ADFE17F9FD66002A6ED6 /* GLOpenCLFourierTransform.h in Headers */,
				8157ADF617F9FD5E002A6ED6 /* GLMatrixFourierTransform.h in Headers */,
				8157AE1A17F9FDEB002A6ED6 /* GLNetCDFConcatenationOperation.h in Headers */,
				8157ADDF17F9FCDB002A6ED6 /* GLMemoryOptimizer.h in Headers */,
				8157ADEF17F9FCED002A6ED6 /* GLFFTWFourierTransform.h in Headers */,
				8157AE2317FA1289002A6ED6 /* fftw3.h in Headers */,
				8157ADD517F9FCDB002A6ED6 /* GLDimensionalOperations.h in Headers */,
				8157ADFC17F9FD66002A6ED6 /* GLDSPFourierTransform.h in Headers */,
				8157ADCF17F9FCDB002A6ED6 /* GLLinearTransformationOperations.h in Headers */,
				8157ADC717F9FCDB002A6ED6 /* GLNullaryOperations.h in Headers */,
				8157ADE317F9FCE6002A6ED6 /* GLMemoryPool.h in Headers */,
				8157ADED17F9FCED002A6ED6 /* GLFourierTransform.h in Headers */,
				8157ADC517F9FCDB002A6ED6 /* GLUnaryOperations.h in Headers */,
				8157ADEB17F9FCED002A6ED6 /* GLFourierTransformPool.h in Headers */,
			);
			runOnlyForDeploymentPostprocessing = 0;
		};
/* End PBXHeadersBuildPhase section */

/* Begin PBXNativeTarget section */
		8157AD0F17F9FB8D002A6ED6 /* GLNumericalModelingKit */ = {
			isa = PBXNativeTarget;
			buildConfigurationList = 8157AD3417F9FB8D002A6ED6 /* Build configuration list for PBXNativeTarget "GLNumericalModelingKit" */;
			buildPhases = (
				8157AD0C17F9FB8D002A6ED6 /* Sources */,
				8157AD0D17F9FB8D002A6ED6 /* Frameworks */,
				8157AD0E17F9FB8D002A6ED6 /* Headers */,
			);
			buildRules = (
			);
			dependencies = (
			);
			name = GLNumericalModelingKit;
			productName = GLNumericalModelingKit;
			productReference = 8157AD1017F9FB8D002A6ED6 /* GLNumericalModelingKit.dylib */;
			productType = "com.apple.product-type.library.dynamic";
		};
		8157AD2217F9FB8D002A6ED6 /* GLNumericalModelingKitTests */ = {
			isa = PBXNativeTarget;
			buildConfigurationList = 8157AD3717F9FB8D002A6ED6 /* Build configuration list for PBXNativeTarget "GLNumericalModelingKitTests" */;
			buildPhases = (
				8157AD1F17F9FB8D002A6ED6 /* Sources */,
				8157AD2017F9FB8D002A6ED6 /* Frameworks */,
				8157AD2117F9FB8D002A6ED6 /* Resources */,
			);
			buildRules = (
			);
			dependencies = (
				8157AD2817F9FB8D002A6ED6 /* PBXTargetDependency */,
			);
			name = GLNumericalModelingKitTests;
			productName = GLNumericalModelingKitTests;
			productReference = 8157AD2317F9FB8D002A6ED6 /* GLNumericalModelingKitTests.xctest */;
			productType = "com.apple.product-type.bundle.unit-test";
		};
/* End PBXNativeTarget section */

/* Begin PBXProject section */
		8157AD0817F9FB8D002A6ED6 /* Project object */ = {
			isa = PBXProject;
			attributes = {
				LastUpgradeCheck = 0500;
				ORGANIZATIONNAME = "Jeffrey J. Early";
				TargetAttributes = {
					8157AD2217F9FB8D002A6ED6 = {
						TestTargetID = 8157AD0F17F9FB8D002A6ED6;
					};
				};
			};
			buildConfigurationList = 8157AD0B17F9FB8D002A6ED6 /* Build configuration list for PBXProject "GLNumericalModelingKit" */;
			compatibilityVersion = "Xcode 3.2";
			developmentRegion = English;
			hasScannedForEncodings = 0;
			knownRegions = (
				en,
			);
			mainGroup = 8157AD0717F9FB8D002A6ED6;
			productRefGroup = 8157AD1117F9FB8D002A6ED6 /* Products */;
			projectDirPath = "";
			projectRoot = "";
			targets = (
				8157AD0F17F9FB8D002A6ED6 /* GLNumericalModelingKit */,
				8157AD2217F9FB8D002A6ED6 /* GLNumericalModelingKitTests */,
			);
		};
/* End PBXProject section */

/* Begin PBXResourcesBuildPhase section */
		8157AD2117F9FB8D002A6ED6 /* Resources */ = {
			isa = PBXResourcesBuildPhase;
			buildActionMask = 2147483647;
			files = (
				8157AD2F17F9FB8D002A6ED6 /* InfoPlist.strings in Resources */,
			);
			runOnlyForDeploymentPostprocessing = 0;
		};
/* End PBXResourcesBuildPhase section */

/* Begin PBXSourcesBuildPhase section */
		8157AD0C17F9FB8D002A6ED6 /* Sources */ = {
			isa = PBXSourcesBuildPhase;
			buildActionMask = 2147483647;
			files = (
				8157ADEC17F9FCED002A6ED6 /* GLFourierTransformPool.m in Sources */,
				8157AE1717F9FDEB002A6ED6 /* GLNetCDFVariable.m in Sources */,
				8157ADD617F9FCDB002A6ED6 /* GLDimensionalOperations.m in Sources */,
				8157ADC617F9FCDB002A6ED6 /* GLUnaryOperations.m in Sources */,
				8157ADF017F9FCED002A6ED6 /* GLFFTWFourierTransform.m in Sources */,
				8157ADFD17F9FD66002A6ED6 /* GLDSPFourierTransform.m in Sources */,
				8157AD6317F9FC36002A6ED6 /* GLLinearTransform.m in Sources */,
				8157ADDC17F9FCDB002A6ED6 /* GLOperationOptimizer.m in Sources */,
				81CABBF918089D7C00758DF1 /* GLVariable.m in Sources */,
				8157AE1B17F9FDEB002A6ED6 /* GLNetCDFConcatenationOperation.m in Sources */,
				8157ADD017F9FCDB002A6ED6 /* GLLinearTransformationOperations.m in Sources */,
				8157AE1D17F9FDEB002A6ED6 /* GLLowLevelNetCDF.m in Sources */,
				8157ADCA17F9FCDB002A6ED6 /* GLVectorScalarOperations.m in Sources */,
				8157ADE417F9FCE6002A6ED6 /* GLMemoryPool.m in Sources */,
				8157AD6117F9FC36002A6ED6 /* GLFunction.m in Sources */,
				81CABBFD1808A11800758DF1 /* GLScalar.m in Sources */,
				8157ADC417F9FCDB002A6ED6 /* GLVariableOperations.m in Sources */,
				8157AE1917F9FDEB002A6ED6 /* GLNetCDFFetchDataOperation.m in Sources */,
				8157AD5D17F9FC36002A6ED6 /* GLEquation.m in Sources */,
				8157ADCC17F9FCDB002A6ED6 /* GLVectorVectorOperations.m in Sources */,
				8157AE1517F9FDEB002A6ED6 /* GLNetCDFFile.m in Sources */,
				8157ADDE17F9FCDB002A6ED6 /* GLOperationVisualizer.m in Sources */,
				813629FD182AC8C1001A8E1D /* GLBuffer.m in Sources */,
				8157AD5F17F9FC36002A6ED6 /* GLDimension.m in Sources */,
				8157ADEE17F9FCED002A6ED6 /* GLFourierTransform.m in Sources */,
				8157ADC817F9FCDB002A6ED6 /* GLNullaryOperations.m in Sources */,
				8157ADDA17F9FCDB002A6ED6 /* GLRungeKuttaOperation.m in Sources */,
				8157ADD417F9FCDB002A6ED6 /* GLSimpleInterpolationOperations.m in Sources */,
				8157ADCE17F9FCDB002A6ED6 /* GLBasisTransformationOperations.m in Sources */,
				8157AD6517F9FC36002A6ED6 /* GLMatrixDescription.m in Sources */,
			);
			runOnlyForDeploymentPostprocessing = 0;
		};
		8157AD1F17F9FB8D002A6ED6 /* Sources */ = {
			isa = PBXSourcesBuildPhase;
			buildActionMask = 2147483647;
			files = (
				8157AD3117F9FB8D002A6ED6 /* GLNumericalModelingKitTests.m in Sources */,
			);
			runOnlyForDeploymentPostprocessing = 0;
		};
/* End PBXSourcesBuildPhase section */

/* Begin PBXTargetDependency section */
		8157AD2817F9FB8D002A6ED6 /* PBXTargetDependency */ = {
			isa = PBXTargetDependency;
			target = 8157AD0F17F9FB8D002A6ED6 /* GLNumericalModelingKit */;
			targetProxy = 8157AD2717F9FB8D002A6ED6 /* PBXContainerItemProxy */;
		};
/* End PBXTargetDependency section */

/* Begin PBXVariantGroup section */
		8157AD2D17F9FB8D002A6ED6 /* InfoPlist.strings */ = {
			isa = PBXVariantGroup;
			children = (
				8157AD2E17F9FB8D002A6ED6 /* en */,
			);
			name = InfoPlist.strings;
			sourceTree = "<group>";
		};
/* End PBXVariantGroup section */

/* Begin XCBuildConfiguration section */
		8157AD3217F9FB8D002A6ED6 /* Debug */ = {
			isa = XCBuildConfiguration;
			buildSettings = {
				ALWAYS_SEARCH_USER_PATHS = NO;
				CLANG_CXX_LANGUAGE_STANDARD = "gnu++0x";
				CLANG_CXX_LIBRARY = "libc++";
				CLANG_ENABLE_OBJC_ARC = YES;
				CLANG_WARN_BOOL_CONVERSION = YES;
				CLANG_WARN_CONSTANT_CONVERSION = YES;
				CLANG_WARN_DIRECT_OBJC_ISA_USAGE = YES_ERROR;
				CLANG_WARN_EMPTY_BODY = YES;
				CLANG_WARN_ENUM_CONVERSION = YES;
				CLANG_WARN_INT_CONVERSION = YES;
				CLANG_WARN_OBJC_ROOT_CLASS = YES_ERROR;
				CLANG_WARN__DUPLICATE_METHOD_MATCH = YES;
				COPY_PHASE_STRIP = NO;
				GCC_C_LANGUAGE_STANDARD = gnu99;
				GCC_DYNAMIC_NO_PIC = NO;
				GCC_ENABLE_OBJC_EXCEPTIONS = YES;
				GCC_OPTIMIZATION_LEVEL = 0;
				GCC_PREPROCESSOR_DEFINITIONS = (
					"DEBUG=1",
					"$(inherited)",
				);
				GCC_SYMBOLS_PRIVATE_EXTERN = NO;
				GCC_WARN_64_TO_32_BIT_CONVERSION = YES;
				GCC_WARN_ABOUT_RETURN_TYPE = YES_ERROR;
				GCC_WARN_UNDECLARED_SELECTOR = YES;
				GCC_WARN_UNINITIALIZED_AUTOS = YES;
				GCC_WARN_UNUSED_FUNCTION = YES;
				GCC_WARN_UNUSED_VARIABLE = YES;
				MACOSX_DEPLOYMENT_TARGET = 10.8;
				ONLY_ACTIVE_ARCH = YES;
				SDKROOT = macosx;
			};
			name = Debug;
		};
		8157AD3317F9FB8D002A6ED6 /* Release */ = {
			isa = XCBuildConfiguration;
			buildSettings = {
				ALWAYS_SEARCH_USER_PATHS = NO;
				CLANG_CXX_LANGUAGE_STANDARD = "gnu++0x";
				CLANG_CXX_LIBRARY = "libc++";
				CLANG_ENABLE_OBJC_ARC = YES;
				CLANG_WARN_BOOL_CONVERSION = YES;
				CLANG_WARN_CONSTANT_CONVERSION = YES;
				CLANG_WARN_DIRECT_OBJC_ISA_USAGE = YES_ERROR;
				CLANG_WARN_EMPTY_BODY = YES;
				CLANG_WARN_ENUM_CONVERSION = YES;
				CLANG_WARN_INT_CONVERSION = YES;
				CLANG_WARN_OBJC_ROOT_CLASS = YES_ERROR;
				CLANG_WARN__DUPLICATE_METHOD_MATCH = YES;
				COPY_PHASE_STRIP = YES;
				DEBUG_INFORMATION_FORMAT = "dwarf-with-dsym";
				ENABLE_NS_ASSERTIONS = NO;
				GCC_C_LANGUAGE_STANDARD = gnu99;
				GCC_ENABLE_OBJC_EXCEPTIONS = YES;
				GCC_WARN_64_TO_32_BIT_CONVERSION = YES;
				GCC_WARN_ABOUT_RETURN_TYPE = YES_ERROR;
				GCC_WARN_UNDECLARED_SELECTOR = YES;
				GCC_WARN_UNINITIALIZED_AUTOS = YES;
				GCC_WARN_UNUSED_FUNCTION = YES;
				GCC_WARN_UNUSED_VARIABLE = YES;
				MACOSX_DEPLOYMENT_TARGET = 10.8;
				SDKROOT = macosx;
			};
			name = Release;
		};
		8157AD3517F9FB8D002A6ED6 /* Debug */ = {
			isa = XCBuildConfiguration;
			buildSettings = {
				ALWAYS_SEARCH_USER_PATHS = NO;
				CLANG_ENABLE_MODULES = YES;
				DYLIB_COMPATIBILITY_VERSION = 1;
				DYLIB_CURRENT_VERSION = 1;
				FRAMEWORK_SEARCH_PATHS = "";
				GCC_PRECOMPILE_PREFIX_HEADER = YES;
				GCC_PREFIX_HEADER = "GLNumericalModelingKit/GLNumericalModelingKit-Prefix.pch";
				HEADER_SEARCH_PATHS = (
					"$(inherited)",
					/Applications/Xcode.app/Contents/Developer/Toolchains/XcodeDefault.xctoolchain/usr/include,
					"\"$(SRCROOT)/ExternalLibraries/netcdf-4.1.2/include\"",
					"$(SRCROOT)",
				);
				LIBRARY_SEARCH_PATHS = (
					"$(inherited)",
					"$(SRCROOT)/ExternalLibraries/fftw/single-precision",
					"$(SRCROOT)/ExternalLibraries",
				);
				PRODUCT_NAME = "$(TARGET_NAME)";
				PUBLIC_HEADERS_FOLDER_PATH = /usr/local/include/GLNumericalModelingKit;
				USER_HEADER_SEARCH_PATHS = "$(SRCROOT)";
			};
			name = Debug;
		};
		8157AD3617F9FB8D002A6ED6 /* Release */ = {
			isa = XCBuildConfiguration;
			buildSettings = {
				ALWAYS_SEARCH_USER_PATHS = NO;
				CLANG_ENABLE_MODULES = YES;
				DYLIB_COMPATIBILITY_VERSION = 1;
				DYLIB_CURRENT_VERSION = 1;
				FRAMEWORK_SEARCH_PATHS = "";
				GCC_PRECOMPILE_PREFIX_HEADER = YES;
				GCC_PREFIX_HEADER = "GLNumericalModelingKit/GLNumericalModelingKit-Prefix.pch";
				HEADER_SEARCH_PATHS = (
					"$(inherited)",
					/Applications/Xcode.app/Contents/Developer/Toolchains/XcodeDefault.xctoolchain/usr/include,
					"\"$(SRCROOT)/ExternalLibraries/netcdf-4.1.2/include\"",
					"$(SRCROOT)",
				);
				LIBRARY_SEARCH_PATHS = (
					"$(inherited)",
					"$(SRCROOT)/ExternalLibraries/fftw/single-precision",
					"$(SRCROOT)/ExternalLibraries",
				);
				PRODUCT_NAME = "$(TARGET_NAME)";
				PUBLIC_HEADERS_FOLDER_PATH = /usr/local/include/GLNumericalModelingKit;
				USER_HEADER_SEARCH_PATHS = "$(SRCROOT)";
			};
			name = Release;
		};
		8157AD3817F9FB8D002A6ED6 /* Debug */ = {
			isa = XCBuildConfiguration;
			buildSettings = {
				BUNDLE_LOADER = "$(BUILT_PRODUCTS_DIR)/GLNumericalModelingKit.dylib";
				COMBINE_HIDPI_IMAGES = YES;
				FRAMEWORK_SEARCH_PATHS = (
					"$(DEVELOPER_FRAMEWORKS_DIR)",
					"$(inherited)",
				);
				GCC_PRECOMPILE_PREFIX_HEADER = YES;
				GCC_PREFIX_HEADER = "GLNumericalModelingKit/GLNumericalModelingKit-Prefix.pch";
				GCC_PREPROCESSOR_DEFINITIONS = (
					"DEBUG=1",
					"$(inherited)",
				);
				INFOPLIST_FILE = "GLNumericalModelingKitTests/GLNumericalModelingKitTests-Info.plist";
				PRODUCT_NAME = "$(TARGET_NAME)";
				TEST_HOST = "$(BUNDLE_LOADER)";
				WRAPPER_EXTENSION = xctest;
			};
			name = Debug;
		};
		8157AD3917F9FB8D002A6ED6 /* Release */ = {
			isa = XCBuildConfiguration;
			buildSettings = {
				BUNDLE_LOADER = "$(BUILT_PRODUCTS_DIR)/GLNumericalModelingKit.dylib";
				COMBINE_HIDPI_IMAGES = YES;
				FRAMEWORK_SEARCH_PATHS = (
					"$(DEVELOPER_FRAMEWORKS_DIR)",
					"$(inherited)",
				);
				GCC_PRECOMPILE_PREFIX_HEADER = YES;
				GCC_PREFIX_HEADER = "GLNumericalModelingKit/GLNumericalModelingKit-Prefix.pch";
				INFOPLIST_FILE = "GLNumericalModelingKitTests/GLNumericalModelingKitTests-Info.plist";
				PRODUCT_NAME = "$(TARGET_NAME)";
				TEST_HOST = "$(BUNDLE_LOADER)";
				WRAPPER_EXTENSION = xctest;
			};
			name = Release;
		};
/* End XCBuildConfiguration section */

/* Begin XCConfigurationList section */
		8157AD0B17F9FB8D002A6ED6 /* Build configuration list for PBXProject "GLNumericalModelingKit" */ = {
			isa = XCConfigurationList;
			buildConfigurations = (
				8157AD3217F9FB8D002A6ED6 /* Debug */,
				8157AD3317F9FB8D002A6ED6 /* Release */,
			);
			defaultConfigurationIsVisible = 0;
			defaultConfigurationName = Release;
		};
		8157AD3417F9FB8D002A6ED6 /* Build configuration list for PBXNativeTarget "GLNumericalModelingKit" */ = {
			isa = XCConfigurationList;
			buildConfigurations = (
				8157AD3517F9FB8D002A6ED6 /* Debug */,
				8157AD3617F9FB8D002A6ED6 /* Release */,
			);
			defaultConfigurationIsVisible = 0;
			defaultConfigurationName = Release;
		};
		8157AD3717F9FB8D002A6ED6 /* Build configuration list for PBXNativeTarget "GLNumericalModelingKitTests" */ = {
			isa = XCConfigurationList;
			buildConfigurations = (
				8157AD3817F9FB8D002A6ED6 /* Debug */,
				8157AD3917F9FB8D002A6ED6 /* Release */,
			);
			defaultConfigurationIsVisible = 0;
			defaultConfigurationName = Release;
		};
/* End XCConfigurationList section */
	};
	rootObject = 8157AD0817F9FB8D002A6ED6 /* Project object */;
}
